// !$*UTF8*$!
{
	archiveVersion = 1;
	classes = {
	};
	objectVersion = 50;
	objects = {

/* Begin PBXBuildFile section */
		900A1FB624DA0A74002C9570 /* AppDelegate.swift in Sources */ = {isa = PBXBuildFile; fileRef = 900A1FB524DA0A74002C9570 /* AppDelegate.swift */; };
		900A1FB824DA0A74002C9570 /* SceneDelegate.swift in Sources */ = {isa = PBXBuildFile; fileRef = 900A1FB724DA0A74002C9570 /* SceneDelegate.swift */; };
		900A1FBA24DA0A74002C9570 /* ContentView.swift in Sources */ = {isa = PBXBuildFile; fileRef = 900A1FB924DA0A74002C9570 /* ContentView.swift */; };
		900A1FBC24DA0A75002C9570 /* Assets.xcassets in Resources */ = {isa = PBXBuildFile; fileRef = 900A1FBB24DA0A75002C9570 /* Assets.xcassets */; };
		900A1FBF24DA0A75002C9570 /* Preview Assets.xcassets in Resources */ = {isa = PBXBuildFile; fileRef = 900A1FBE24DA0A75002C9570 /* Preview Assets.xcassets */; };
		900A1FC224DA0A75002C9570 /* LaunchScreen.storyboard in Resources */ = {isa = PBXBuildFile; fileRef = 900A1FC024DA0A75002C9570 /* LaunchScreen.storyboard */; };
/* End PBXBuildFile section */

/* Begin PBXFileReference section */
		900A1FB224DA0A74002C9570 /* meditationApp.app */ = {isa = PBXFileReference; explicitFileType = wrapper.application; includeInIndex = 0; path = meditationApp.app; sourceTree = BUILT_PRODUCTS_DIR; };
		900A1FB524DA0A74002C9570 /* AppDelegate.swift */ = {isa = PBXFileReference; lastKnownFileType = sourcecode.swift; path = AppDelegate.swift; sourceTree = "<group>"; };
		900A1FB724DA0A74002C9570 /* SceneDelegate.swift */ = {isa = PBXFileReference; lastKnownFileType = sourcecode.swift; path = SceneDelegate.swift; sourceTree = "<group>"; };
		900A1FB924DA0A74002C9570 /* ContentView.swift */ = {isa = PBXFileReference; lastKnownFileType = sourcecode.swift; path = ContentView.swift; sourceTree = "<group>"; };
		900A1FBB24DA0A75002C9570 /* Assets.xcassets */ = {isa = PBXFileReference; lastKnownFileType = folder.assetcatalog; path = Assets.xcassets; sourceTree = "<group>"; };
		900A1FBE24DA0A75002C9570 /* Preview Assets.xcassets */ = {isa = PBXFileReference; lastKnownFileType = folder.assetcatalog; path = "Preview Assets.xcassets"; sourceTree = "<group>"; };
		900A1FC124DA0A75002C9570 /* Base */ = {isa = PBXFileReference; lastKnownFileType = file.storyboard; name = Base; path = Base.lproj/LaunchScreen.storyboard; sourceTree = "<group>"; };
		900A1FC324DA0A75002C9570 /* Info.plist */ = {isa = PBXFileReference; lastKnownFileType = text.plist.xml; path = Info.plist; sourceTree = "<group>"; };
/* End PBXFileReference section */

/* Begin PBXFrameworksBuildPhase section */
		900A1FAF24DA0A74002C9570 /* Frameworks */ = {
			isa = PBXFrameworksBuildPhase;
			buildActionMask = 2147483647;
			files = (
			);
			runOnlyForDeploymentPostprocessing = 0;
		};
/* End PBXFrameworksBuildPhase section */

/* Begin PBXGroup section */
		900A1FA924DA0A73002C9570 = {
			isa = PBXGroup;
			children = (
				900A1FB424DA0A74002C9570 /* meditationApp */,
				900A1FB324DA0A74002C9570 /* Products */,
			);
			sourceTree = "<group>";
		};
		900A1FB324DA0A74002C9570 /* Products */ = {
			isa = PBXGroup;
			children = (
				900A1FB224DA0A74002C9570 /* meditationApp.app */,
			);
			name = Products;
			sourceTree = "<group>";
		};
		900A1FB424DA0A74002C9570 /* meditationApp */ = {
			isa = PBXGroup;
			children = (
				900A1FB524DA0A74002C9570 /* AppDelegate.swift */,
				900A1FB724DA0A74002C9570 /* SceneDelegate.swift */,
				900A1FB924DA0A74002C9570 /* ContentView.swift */,
				900A1FBB24DA0A75002C9570 /* Assets.xcassets */,
				900A1FC024DA0A75002C9570 /* LaunchScreen.storyboard */,
				900A1FC324DA0A75002C9570 /* Info.plist */,
				900A1FBD24DA0A75002C9570 /* Preview Content */,
			);
			path = meditationApp;
			sourceTree = "<group>";
		};
		900A1FBD24DA0A75002C9570 /* Preview Content */ = {
			isa = PBXGroup;
			children = (
				900A1FBE24DA0A75002C9570 /* Preview Assets.xcassets */,
			);
			path = "Preview Content";
			sourceTree = "<group>";
		};
/* End PBXGroup section */

/* Begin PBXNativeTarget section */
		900A1FB124DA0A74002C9570 /* meditationApp */ = {
			isa = PBXNativeTarget;
			buildConfigurationList = 900A1FC624DA0A75002C9570 /* Build configuration list for PBXNativeTarget "meditationApp" */;
			buildPhases = (
				900A1FAE24DA0A74002C9570 /* Sources */,
				900A1FAF24DA0A74002C9570 /* Frameworks */,
				900A1FB024DA0A74002C9570 /* Resources */,
			);
			buildRules = (
			);
			dependencies = (
			);
			name = meditationApp;
			productName = meditationApp;
			productReference = 900A1FB224DA0A74002C9570 /* meditationApp.app */;
			productType = "com.apple.product-type.application";
		};
/* End PBXNativeTarget section */

/* Begin PBXProject section */
		900A1FAA24DA0A73002C9570 /* Project object */ = {
			isa = PBXProject;
			attributes = {
				LastSwiftUpdateCheck = 1130;
				LastUpgradeCheck = 1130;
				ORGANIZATIONNAME = Supreeth;
				TargetAttributes = {
					900A1FB124DA0A74002C9570 = {
						CreatedOnToolsVersion = 11.3.1;
					};
				};
			};
			buildConfigurationList = 900A1FAD24DA0A73002C9570 /* Build configuration list for PBXProject "meditationApp" */;
			compatibilityVersion = "Xcode 9.3";
			developmentRegion = en;
			hasScannedForEncodings = 0;
			knownRegions = (
				en,
				Base,
			);
			mainGroup = 900A1FA924DA0A73002C9570;
			productRefGroup = 900A1FB324DA0A74002C9570 /* Products */;
			projectDirPath = "";
			projectRoot = "";
			targets = (
				900A1FB124DA0A74002C9570 /* meditationApp */,
			);
		};
/* End PBXProject section */

/* Begin PBXResourcesBuildPhase section */
		900A1FB024DA0A74002C9570 /* Resources */ = {
			isa = PBXResourcesBuildPhase;
			buildActionMask = 2147483647;
			files = (
				900A1FC224DA0A75002C9570 /* LaunchScreen.storyboard in Resources */,
				900A1FBF24DA0A75002C9570 /* Preview Assets.xcassets in Resources */,
				900A1FBC24DA0A75002C9570 /* Assets.xcassets in Resources */,
			);
			runOnlyForDeploymentPostprocessing = 0;
		};
/* End PBXResourcesBuildPhase section */

/* Begin PBXSourcesBuildPhase section */
		900A1FAE24DA0A74002C9570 /* Sources */ = {
			isa = PBXSourcesBuildPhase;
			buildActionMask = 2147483647;
			files = (
				900A1FB624DA0A74002C9570 /* AppDelegate.swift in Sources */,
				900A1FB824DA0A74002C9570 /* SceneDelegate.swift in Sources */,
				900A1FBA24DA0A74002C9570 /* ContentView.swift in Sources */,
			);
			runOnlyForDeploymentPostprocessing = 0;
		};
/* End PBXSourcesBuildPhase section */

/* Begin PBXVariantGroup section */
		900A1FC024DA0A75002C9570 /* LaunchScreen.storyboard */ = {
			isa = PBXVariantGroup;
			children = (
				900A1FC124DA0A75002C9570 /* Base */,
			);
			name = LaunchScreen.storyboard;
			sourceTree = "<group>";
		};
/* End PBXVariantGroup section */

/* Begin XCBuildConfiguration section */
		900A1FC424DA0A75002C9570 /* Debug */ = {
			isa = XCBuildConfiguration;
			buildSettings = {
				ALWAYS_SEARCH_USER_PATHS = NO;
				CLANG_ANALYZER_NONNULL = YES;
				CLANG_ANALYZER_NUMBER_OBJECT_CONVERSION = YES_AGGRESSIVE;
				CLANG_CXX_LANGUAGE_STANDARD = "gnu++14";
				CLANG_CXX_LIBRARY = "libc++";
				CLANG_ENABLE_MODULES = YES;
				CLANG_ENABLE_OBJC_ARC = YES;
				CLANG_ENABLE_OBJC_WEAK = YES;
				CLANG_WARN_BLOCK_CAPTURE_AUTORELEASING = YES;
				CLANG_WARN_BOOL_CONVERSION = YES;
				CLANG_WARN_COMMA = YES;
				CLANG_WARN_CONSTANT_CONVERSION = YES;
				CLANG_WARN_DEPRECATED_OBJC_IMPLEMENTATIONS = YES;
				CLANG_WARN_DIRECT_OBJC_ISA_USAGE = YES_ERROR;
				CLANG_WARN_DOCUMENTATION_COMMENTS = YES;
				CLANG_WARN_EMPTY_BODY = YES;
				CLANG_WARN_ENUM_CONVERSION = YES;
				CLANG_WARN_INFINITE_RECURSION = YES;
				CLANG_WARN_INT_CONVERSION = YES;
				CLANG_WARN_NON_LITERAL_NULL_CONVERSION = YES;
				CLANG_WARN_OBJC_IMPLICIT_RETAIN_SELF = YES;
				CLANG_WARN_OBJC_LITERAL_CONVERSION = YES;
				CLANG_WARN_OBJC_ROOT_CLASS = YES_ERROR;
				CLANG_WARN_RANGE_LOOP_ANALYSIS = YES;
				CLANG_WARN_STRICT_PROTOTYPES = YES;
				CLANG_WARN_SUSPICIOUS_MOVE = YES;
				CLANG_WARN_UNGUARDED_AVAILABILITY = YES_AGGRESSIVE;
				CLANG_WARN_UNREACHABLE_CODE = YES;
				CLANG_WARN__DUPLICATE_METHOD_MATCH = YES;
				COPY_PHASE_STRIP = NO;
				DEBUG_INFORMATION_FORMAT = dwarf;
				ENABLE_STRICT_OBJC_MSGSEND = YES;
				ENABLE_TESTABILITY = YES;
				GCC_C_LANGUAGE_STANDARD = gnu11;
				GCC_DYNAMIC_NO_PIC = NO;
				GCC_NO_COMMON_BLOCKS = YES;
				GCC_OPTIMIZATION_LEVEL = 0;
				GCC_PREPROCESSOR_DEFINITIONS = (
					"DEBUG=1",
					"$(inherited)",
				);
				GCC_WARN_64_TO_32_BIT_CONVERSION = YES;
				GCC_WARN_ABOUT_RETURN_TYPE = YES_ERROR;
				GCC_WARN_UNDECLARED_SELECTOR = YES;
				GCC_WARN_UNINITIALIZED_AUTOS = YES_AGGRESSIVE;
				GCC_WARN_UNUSED_FUNCTION = YES;
				GCC_WARN_UNUSED_VARIABLE = YES;
				IPHONEOS_DEPLOYMENT_TARGET = 13.2;
				MTL_ENABLE_DEBUG_INFO = INCLUDE_SOURCE;
				MTL_FAST_MATH = YES;
				ONLY_ACTIVE_ARCH = YES;
				SDKROOT = iphoneos;
				SWIFT_ACTIVE_COMPILATION_CONDITIONS = DEBUG;
				SWIFT_OPTIMIZATION_LEVEL = "-Onone";
			};
			name = Debug;
		};
		900A1FC524DA0A75002C9570 /* Release */ = {
			isa = XCBuildConfiguration;
			buildSettings = {
				ALWAYS_SEARCH_USER_PATHS = NO;
				CLANG_ANALYZER_NONNULL = YES;
				CLANG_ANALYZER_NUMBER_OBJECT_CONVERSION = YES_AGGRESSIVE;
				CLANG_CXX_LANGUAGE_STANDARD = "gnu++14";
				CLANG_CXX_LIBRARY = "libc++";
				CLANG_ENABLE_MODULES = YES;
				CLANG_ENABLE_OBJC_ARC = YES;
				CLANG_ENABLE_OBJC_WEAK = YES;
				CLANG_WARN_BLOCK_CAPTURE_AUTORELEASING = YES;
				CLANG_WARN_BOOL_CONVERSION = YES;
				CLANG_WARN_COMMA = YES;
				CLANG_WARN_CONSTANT_CONVERSION = YES;
				CLANG_WARN_DEPRECATED_OBJC_IMPLEMENTATIONS = YES;
				CLANG_WARN_DIRECT_OBJC_ISA_USAGE = YES_ERROR;
				CLANG_WARN_DOCUMENTATION_COMMENTS = YES;
				CLANG_WARN_EMPTY_BODY = YES;
				CLANG_WARN_ENUM_CONVERSION = YES;
				CLANG_WARN_INFINITE_RECURSION = YES;
				CLANG_WARN_INT_CONVERSION = YES;
				CLANG_WARN_NON_LITERAL_NULL_CONVERSION = YES;
				CLANG_WARN_OBJC_IMPLICIT_RETAIN_SELF = YES;
				CLANG_WARN_OBJC_LITERAL_CONVERSION = YES;
				CLANG_WARN_OBJC_ROOT_CLASS = YES_ERROR;
				CLANG_WARN_RANGE_LOOP_ANALYSIS = YES;
				CLANG_WARN_STRICT_PROTOTYPES = YES;
				CLANG_WARN_SUSPICIOUS_MOVE = YES;
				CLANG_WARN_UNGUARDED_AVAILABILITY = YES_AGGRESSIVE;
				CLANG_WARN_UNREACHABLE_CODE = YES;
				CLANG_WARN__DUPLICATE_METHOD_MATCH = YES;
				COPY_PHASE_STRIP = NO;
				DEBUG_INFORMATION_FORMAT = "dwarf-with-dsym";
				ENABLE_NS_ASSERTIONS = NO;
				ENABLE_STRICT_OBJC_MSGSEND = YES;
				GCC_C_LANGUAGE_STANDARD = gnu11;
				GCC_NO_COMMON_BLOCKS = YES;
				GCC_WARN_64_TO_32_BIT_CONVERSION = YES;
				GCC_WARN_ABOUT_RETURN_TYPE = YES_ERROR;
				GCC_WARN_UNDECLARED_SELECTOR = YES;
				GCC_WARN_UNINITIALIZED_AUTOS = YES_AGGRESSIVE;
				GCC_WARN_UNUSED_FUNCTION = YES;
				GCC_WARN_UNUSED_VARIABLE = YES;
				IPHONEOS_DEPLOYMENT_TARGET = 13.2;
				MTL_ENABLE_DEBUG_INFO = NO;
				MTL_FAST_MATH = YES;
				SDKROOT = iphoneos;
				SWIFT_COMPILATION_MODE = wholemodule;
				SWIFT_OPTIMIZATION_LEVEL = "-O";
				VALIDATE_PRODUCT = YES;
			};
			name = Release;
		};
		900A1FC724DA0A75002C9570 /* Debug */ = {
			isa = XCBuildConfiguration;
			buildSettings = {
				ASSETCATALOG_COMPILER_APPICON_NAME = AppIcon;
				CODE_SIGN_STYLE = Automatic;
				DEVELOPMENT_ASSET_PATHS = "\"meditationApp/Preview Content\"";
				DEVELOPMENT_TEAM = 726V95NDBM;
				ENABLE_PREVIEWS = YES;
				INFOPLIST_FILE = meditationApp/Info.plist;
				LD_RUNPATH_SEARCH_PATHS = (
					"$(inherited)",
					"@executable_path/Frameworks",
				);
				PRODUCT_BUNDLE_IDENTIFIER = com.supreeth1816.meditationApp;
				PRODUCT_NAME = "$(TARGET_NAME)";
				SWIFT_VERSION = 5.0;
				TARGETED_DEVICE_FAMILY = "1,2";
			};
			name = Debug;
		};
		900A1FC824DA0A75002C9570 /* Release */ = {
			isa = XCBuildConfiguration;
			buildSettings = {
				ASSETCATALOG_COMPILER_APPICON_NAME = AppIcon;
				CODE_SIGN_STYLE = Automatic;
				DEVELOPMENT_ASSET_PATHS = "\"meditationApp/Preview Content\"";
				DEVELOPMENT_TEAM = 726V95NDBM;
				ENABLE_PREVIEWS = YES;
				INFOPLIST_FILE = meditationApp/Info.plist;
				LD_RUNPATH_SEARCH_PATHS = (
					"$(inherited)",
					"@executable_path/Frameworks",
				);
				PRODUCT_BUNDLE_IDENTIFIER = com.supreeth1816.meditationApp;
				PRODUCT_NAME = "$(TARGET_NAME)";
				SWIFT_VERSION = 5.0;
				TARGETED_DEVICE_FAMILY = "1,2";
			};
			name = Release;
		};
/* End XCBuildConfiguration section */

/* Begin XCConfigurationList section */
		900A1FAD24DA0A73002C9570 /* Build configuration list for PBXProject "meditationApp" */ = {
			isa = XCConfigurationList;
			buildConfigurations = (
				900A1FC424DA0A75002C9570 /* Debug */,
				900A1FC524DA0A75002C9570 /* Release */,
			);
			defaultConfigurationIsVisible = 0;
			defaultConfigurationName = Release;
		};
		900A1FC624DA0A75002C9570 /* Build configuration list for PBXNativeTarget "meditationApp" */ = {
			isa = XCConfigurationList;
			buildConfigurations = (
				900A1FC724DA0A75002C9570 /* Debug */,
				900A1FC824DA0A75002C9570 /* Release */,
			);
			defaultConfigurationIsVisible = 0;
			defaultConfigurationName = Release;
		};
/* End XCConfigurationList section */
	};
	rootObject = 900A1FAA24DA0A73002C9570 /* Project object */;
}
